
Microsoft Visual Studio Solution File, Format Version 12.00
# Visual Studio 2013
VisualStudioVersion = 12.0.30723.0
MinimumVisualStudioVersion = 10.0.40219.1
Project("{FAE04EC0-301F-11D3-BF4B-00C04F79EFBC}") = "WebAPISample", "WebAPISample\WebAPISample.csproj", "{B77EC8D8-318F-401A-A6A4-A084ADEE4267}"
EndProject
Project("{E24C65DC-7377-472B-9ABA-BC803B73C61A}") = "AngularClient", "http://localhost:54059", "{8F83BA82-E424-4308-956C-D0D7F18EC8E2}"
	ProjectSection(WebsiteProperties) = preProject
		UseIISExpress = "true"
		TargetFrameworkMoniker = ".NETFramework,Version%3Dv4.0"
		Debug.AspNetCompiler.VirtualPath = "/localhost_54059"
		Debug.AspNetCompiler.PhysicalPath = "AngularClient\"
		Debug.AspNetCompiler.TargetPath = "PrecompiledWeb\localhost_54059\"
		Debug.AspNetCompiler.Updateable = "false"
		Debug.AspNetCompiler.ForceOverwrite = "true"
		Debug.AspNetCompiler.FixedNames = "false"
		Debug.AspNetCompiler.Debug = "True"
		Release.AspNetCompiler.VirtualPath = "/localhost_54059"
		Release.AspNetCompiler.PhysicalPath = "AngularClient\"
		Release.AspNetCompiler.TargetPath = "PrecompiledWeb\localhost_54059\"
		Release.AspNetCompiler.Updateable = "false"
		Release.AspNetCompiler.ForceOverwrite = "true"
		Release.AspNetCompiler.FixedNames = "false"
		Release.AspNetCompiler.Debug = "False"
		SlnRelativePath = "AngularClient\"
	EndProjectSection
EndProject
Global
	GlobalSection(SolutionConfigurationPlatforms) = preSolution
		Debug|Any CPU = Debug|Any CPU
		Release|Any CPU = Release|Any CPU
	EndGlobalSection
	GlobalSection(ProjectConfigurationPlatforms) = postSolution
		{B77EC8D8-318F-401A-A6A4-A084ADEE4267}.Debug|Any CPU.ActiveCfg = Debug|Any CPU
		{B77EC8D8-318F-401A-A6A4-A084ADEE4267}.Debug|Any CPU.Build.0 = Debug|Any CPU
		{B77EC8D8-318F-401A-A6A4-A084ADEE4267}.Release|Any CPU.ActiveCfg = Release|Any CPU
		{B77EC8D8-318F-401A-A6A4-A084ADEE4267}.Release|Any CPU.Build.0 = Release|Any CPU
		{8F83BA82-E424-4308-956C-D0D7F18EC8E2}.Debug|Any CPU.ActiveCfg = Debug|Any CPU
		{8F83BA82-E424-4308-956C-D0D7F18EC8E2}.Debug|Any CPU.Build.0 = Debug|Any CPU
		{8F83BA82-E424-4308-956C-D0D7F18EC8E2}.Release|Any CPU.ActiveCfg = Debug|Any CPU
		{8F83BA82-E424-4308-956C-D0D7F18EC8E2}.Release|Any CPU.Build.0 = Debug|Any CPU
	EndGlobalSection
	GlobalSection(SolutionProperties) = preSolution
		HideSolutionNode = FALSE
	EndGlobalSection
EndGlobal
